
Microsoft Visual Studio Solution File, Format Version 12.00
Project("{FAE04EC0-301F-11D3-BF4B-00C04F79EFBC}") = "WinFormMarkup", "projects\netcore\WinFormMarkup\WinFormMarkup.csproj", "{D8882654-DA61-4A9E-A928-A2E287D8C705}"
EndProject
Project("{FAE04EC0-301F-11D3-BF4B-00C04F79EFBC}") = "UnitTests", "tests\UnitTests\UnitTests.csproj", "{B81C4010-1A07-46E9-88D4-9BAA0B582716}"
EndProject
Project("{FAE04EC0-301F-11D3-BF4B-00C04F79EFBC}") = "BasicApp", "samples\BasicApp\BasicApp.csproj", "{702C293E-C7D4-465C-B81F-44385D25DDC7}"
EndProject
Project("{2150E333-8FDC-42A3-9474-1A3956D46DE8}") = "Source", "Source", "{19D008E1-4362-4B19-8E31-5C9633EB6899}"
EndProject
Project("{2150E333-8FDC-42A3-9474-1A3956D46DE8}") = "Samples", "Samples", "{15F2F517-DFC8-469E-A2D4-783C443841E7}"
EndProject
Project("{2150E333-8FDC-42A3-9474-1A3956D46DE8}") = "Tests", "Tests", "{A243D3B2-B2BB-4237-9C76-19B419D17948}"
EndProject
Project("{FAE04EC0-301F-11D3-BF4B-00C04F79EFBC}") = "ReactiveUIApp", "samples\ReactiveUIApp\ReactiveUIApp.csproj", "{D115D95A-E631-46C2-BBA6-388E027A56D8}"
EndProject
Global
	GlobalSection(SolutionConfigurationPlatforms) = preSolution
		Debug|Any CPU = Debug|Any CPU
		Release|Any CPU = Release|Any CPU
	EndGlobalSection
	GlobalSection(ProjectConfigurationPlatforms) = postSolution
		{D8882654-DA61-4A9E-A928-A2E287D8C705}.Debug|Any CPU.ActiveCfg = Debug|Any CPU
		{D8882654-DA61-4A9E-A928-A2E287D8C705}.Debug|Any CPU.Build.0 = Debug|Any CPU
		{D8882654-DA61-4A9E-A928-A2E287D8C705}.Release|Any CPU.ActiveCfg = Release|Any CPU
		{D8882654-DA61-4A9E-A928-A2E287D8C705}.Release|Any CPU.Build.0 = Release|Any CPU
		{B81C4010-1A07-46E9-88D4-9BAA0B582716}.Debug|Any CPU.ActiveCfg = Debug|Any CPU
		{B81C4010-1A07-46E9-88D4-9BAA0B582716}.Debug|Any CPU.Build.0 = Debug|Any CPU
		{B81C4010-1A07-46E9-88D4-9BAA0B582716}.Release|Any CPU.ActiveCfg = Release|Any CPU
		{B81C4010-1A07-46E9-88D4-9BAA0B582716}.Release|Any CPU.Build.0 = Release|Any CPU
		{702C293E-C7D4-465C-B81F-44385D25DDC7}.Debug|Any CPU.ActiveCfg = Debug|Any CPU
		{702C293E-C7D4-465C-B81F-44385D25DDC7}.Debug|Any CPU.Build.0 = Debug|Any CPU
		{702C293E-C7D4-465C-B81F-44385D25DDC7}.Release|Any CPU.ActiveCfg = Release|Any CPU
		{702C293E-C7D4-465C-B81F-44385D25DDC7}.Release|Any CPU.Build.0 = Release|Any CPU
		{D115D95A-E631-46C2-BBA6-388E027A56D8}.Debug|Any CPU.ActiveCfg = Debug|Any CPU
		{D115D95A-E631-46C2-BBA6-388E027A56D8}.Debug|Any CPU.Build.0 = Debug|Any CPU
		{D115D95A-E631-46C2-BBA6-388E027A56D8}.Release|Any CPU.ActiveCfg = Release|Any CPU
		{D115D95A-E631-46C2-BBA6-388E027A56D8}.Release|Any CPU.Build.0 = Release|Any CPU
	EndGlobalSection
	GlobalSection(NestedProjects) = preSolution
		{702C293E-C7D4-465C-B81F-44385D25DDC7} = {15F2F517-DFC8-469E-A2D4-783C443841E7}
		{B81C4010-1A07-46E9-88D4-9BAA0B582716} = {A243D3B2-B2BB-4237-9C76-19B419D17948}
		{D8882654-DA61-4A9E-A928-A2E287D8C705} = {19D008E1-4362-4B19-8E31-5C9633EB6899}
		{D115D95A-E631-46C2-BBA6-388E027A56D8} = {15F2F517-DFC8-469E-A2D4-783C443841E7}
	EndGlobalSection
EndGlobal
