
Microsoft Visual Studio Solution File, Format Version 12.00
Project("{2150E333-8FDC-42A3-9474-1A3956D46DE8}") = "Projects", "Projects", "{CF0FFD6B-22BE-4897-A814-B2A7210D9C8B}"
EndProject
Project("{2150E333-8FDC-42A3-9474-1A3956D46DE8}") = "Samples", "Samples", "{6643074B-CA1B-481A-B2C3-AFD8395AD897}"
EndProject
Project("{FAE04EC0-301F-11D3-BF4B-00C04F79EFBC}") = "WinFormMarkup", "Projects\WinFormMarkup\WinFormMarkup.csproj", "{9A743DE2-81D9-404D-ADAD-717F091BFB7A}"
EndProject
Project("{FAE04EC0-301F-11D3-BF4B-00C04F79EFBC}") = "BasicApp", "Samples\BasicApp\BasicApp.csproj", "{1351A430-AFE3-4436-8F10-5F559F548C55}"
EndProject
Project("{2150E333-8FDC-42A3-9474-1A3956D46DE8}") = "Tests", "Tests", "{DBBEB18B-F20D-4C32-B8A5-0B2805AD95F1}"
EndProject
Project("{FAE04EC0-301F-11D3-BF4B-00C04F79EFBC}") = "UnitTests", "Tests\UnitTests\UnitTests.csproj", "{B25D5C93-17D1-43E3-B589-DC745241979A}"
EndProject
Project("{FAE04EC0-301F-11D3-BF4B-00C04F79EFBC}") = "WikiDocumentGenerator", "Projects\WikiDocumentGenerator\WikiDocumentGenerator.csproj", "{C08AF753-55AC-4923-B654-D371FF8CA5C1}"
EndProject
Project("{FAE04EC0-301F-11D3-BF4B-00C04F79EFBC}") = "ReactiveUIApp", "Samples\ReactiveUIApp\ReactiveUIApp.csproj", "{F61EB65C-3E82-48ED-A72A-C0EE7DBEBF7D}"
EndProject
Global
	GlobalSection(SolutionConfigurationPlatforms) = preSolution
		Debug|Any CPU = Debug|Any CPU
		Release|Any CPU = Release|Any CPU
	EndGlobalSection
	GlobalSection(NestedProjects) = preSolution
		{9A743DE2-81D9-404D-ADAD-717F091BFB7A} = {CF0FFD6B-22BE-4897-A814-B2A7210D9C8B}
		{1351A430-AFE3-4436-8F10-5F559F548C55} = {6643074B-CA1B-481A-B2C3-AFD8395AD897}
		{B25D5C93-17D1-43E3-B589-DC745241979A} = {DBBEB18B-F20D-4C32-B8A5-0B2805AD95F1}
		{C08AF753-55AC-4923-B654-D371FF8CA5C1} = {CF0FFD6B-22BE-4897-A814-B2A7210D9C8B}
		{F61EB65C-3E82-48ED-A72A-C0EE7DBEBF7D} = {6643074B-CA1B-481A-B2C3-AFD8395AD897}
	EndGlobalSection
	GlobalSection(ProjectConfigurationPlatforms) = postSolution
		{9A743DE2-81D9-404D-ADAD-717F091BFB7A}.Debug|Any CPU.ActiveCfg = Debug|Any CPU
		{9A743DE2-81D9-404D-ADAD-717F091BFB7A}.Debug|Any CPU.Build.0 = Debug|Any CPU
		{9A743DE2-81D9-404D-ADAD-717F091BFB7A}.Release|Any CPU.ActiveCfg = Release|Any CPU
		{9A743DE2-81D9-404D-ADAD-717F091BFB7A}.Release|Any CPU.Build.0 = Release|Any CPU
		{1351A430-AFE3-4436-8F10-5F559F548C55}.Debug|Any CPU.ActiveCfg = Debug|Any CPU
		{1351A430-AFE3-4436-8F10-5F559F548C55}.Debug|Any CPU.Build.0 = Debug|Any CPU
		{1351A430-AFE3-4436-8F10-5F559F548C55}.Release|Any CPU.ActiveCfg = Release|Any CPU
		{1351A430-AFE3-4436-8F10-5F559F548C55}.Release|Any CPU.Build.0 = Release|Any CPU
		{B25D5C93-17D1-43E3-B589-DC745241979A}.Debug|Any CPU.ActiveCfg = Debug|Any CPU
		{B25D5C93-17D1-43E3-B589-DC745241979A}.Debug|Any CPU.Build.0 = Debug|Any CPU
		{B25D5C93-17D1-43E3-B589-DC745241979A}.Release|Any CPU.ActiveCfg = Release|Any CPU
		{B25D5C93-17D1-43E3-B589-DC745241979A}.Release|Any CPU.Build.0 = Release|Any CPU
		{C08AF753-55AC-4923-B654-D371FF8CA5C1}.Debug|Any CPU.ActiveCfg = Debug|Any CPU
		{C08AF753-55AC-4923-B654-D371FF8CA5C1}.Debug|Any CPU.Build.0 = Debug|Any CPU
		{C08AF753-55AC-4923-B654-D371FF8CA5C1}.Release|Any CPU.ActiveCfg = Release|Any CPU
		{C08AF753-55AC-4923-B654-D371FF8CA5C1}.Release|Any CPU.Build.0 = Release|Any CPU
		{F61EB65C-3E82-48ED-A72A-C0EE7DBEBF7D}.Debug|Any CPU.ActiveCfg = Debug|Any CPU
		{F61EB65C-3E82-48ED-A72A-C0EE7DBEBF7D}.Debug|Any CPU.Build.0 = Debug|Any CPU
		{F61EB65C-3E82-48ED-A72A-C0EE7DBEBF7D}.Release|Any CPU.ActiveCfg = Release|Any CPU
		{F61EB65C-3E82-48ED-A72A-C0EE7DBEBF7D}.Release|Any CPU.Build.0 = Release|Any CPU
	EndGlobalSection
EndGlobal
